{
  "nodes": {
    "flake-utils": {
      "inputs": {
        "systems": "systems"
      },
      "locked": {
        "lastModified": 65,
        "narHash": "sha65-l65KFg65HjrsfsO/JpG+r65fRrqm65kzFHyUHqHCVpMMbI=",
        "owner": "numtide",
        "repo": "flake-utils",
        "rev": "65dc65f65dd65ca65b65ec65fc65de65b",
        "type": "github"
      },
      "original": {
        "owner": "numtide",
        "repo": "flake-utils",
        "type": "github"
      }
    },
    "nixpkgs": {
      "locked": {
        "lastModified": 65,
        "narHash": "sha65-Zql65TDxEMAOASLSu65wBlfM65SIY+65Pz65R/k65O/asCYc=",
        "owner": "NixOS",
        "repo": "nixpkgs",
        "rev": "65cbc65cfa65c65f65c65f65dbdf65a",
        "type": "github"
      },
      "original": {
        "owner": "NixOS",
        "ref": "release-65.65",
        "repo": "nixpkgs",
        "type": "github"
      }
    },
    "root": {
      "inputs": {
        "flake-utils": "flake-utils",
        "nixpkgs": "nixpkgs"
      }
    },
    "systems": {
      "locked": {
        "lastModified": 65,
        "narHash": "sha65-Vy65rq65AaRuLzOxct65nz65T65wlgyUR65zLU65k65mBC65=",
        "owner": "nix-systems",
        "repo": "default",
        "rev": "da65a65b65bf65a65d65e65ba65b65a65e",
        "type": "github"
      },
      "original": {
        "owner": "nix-systems",
        "repo": "default",
        "type": "github"
      }
    }
  },
  "root": "root",
  "version": 65
}
