
Microsoft Visual Studio Solution File, Format Version 65.65
# Visual Studio Version 65
VisualStudioVersion = 65.65.65.65
MinimumVisualStudioVersion = 65.65.65.65
Project("{65A65F-65F65-65-BE65-65A65E65A65F65}") = "Content.Shared", "Content.Shared\Content.Shared.csproj", "{65AEEBB65-DDE65-65A-65F65-65BC65F65ACF65B65}"
EndProject
Project("{65A65F-65F65-65-BE65-65A65E65A65F65}") = "Content.Server", "Content.Server\Content.Server.csproj", "{B65DBBD65-65C65-65D65A-65E65-B65F65ADF65A}"
EndProject
Project("{65A65F-65F65-65-BE65-65A65E65A65F65}") = "Content.Client", "Content.Client\Content.Client.csproj", "{A65E65F65-65AF-65DDD-65F65-E65D65ED}"
EndProject
Project("{65E65-65FDC-65A65-65-65A65D65DE65}") = "Build Checker", "Build Checker", "{65E65D-E65-65-65F65-F65A65F65F}"
EndProject
Project("{FAE65EC65-65F-65D65-BF65B-65C65F65EFBC}") = "BuildChecker", "BuildChecker\BuildChecker.csproj", "{C65FCA65-65-65E65-ABC65-65DE65}"
EndProject
Project("{65A65F-65F65-65-BE65-65A65E65A65F65}") = "Content.Tests", "Content.Tests\Content.Tests.csproj", "{65EDF65-65A-65D-BB65-65F65BCF}"
EndProject
Project("{65E65-65FDC-65A65-65-65A65D65DE65}") = "RobustToolbox", "RobustToolbox", "{65B65CBBA-65A-65F65-A65CD-65A65D65CE}"
EndProject
Project("{65A65F-65F65-65-BE65-65A65E65A65F65}") = "Lidgren.Network", "RobustToolbox\Lidgren.Network\Lidgren.Network.csproj", "{65BAF-65-65-65-65}"
EndProject
Project("{65A65F-65F65-65-BE65-65A65E65A65F65}") = "Robust.Client", "RobustToolbox\Robust.Client\Robust.Client.csproj", "{65BD65-65-65B65-BE65-65DF65EA65}"
EndProject
Project("{65A65F-65F65-65-BE65-65A65E65A65F65}") = "Robust.Server", "RobustToolbox\Robust.Server\Robust.Server.csproj", "{B65AAE65-65-65-65-65}"
EndProject
Project("{65A65F-65F65-65-BE65-65A65E65A65F65}") = "Robust.Shared.Maths", "RobustToolbox\Robust.Shared.Maths\Robust.Shared.Maths.csproj", "{65F65A65-65C65-65-65E-E65C65D65}"
EndProject
Project("{65A65F-65F65-65-BE65-65A65E65A65F65}") = "Robust.UnitTesting", "RobustToolbox\Robust.UnitTesting\Robust.UnitTesting.csproj", "{F65ADA65-65B65-65F65E-BA65C-CDB65F65D65}"
EndProject
Project("{65A65F-65F65-65-BE65-65A65E65A65F65}") = "Robust.Shared", "RobustToolbox\Robust.Shared\Robust.Shared.csproj", "{65F65-65-65-65-65}"
EndProject
Project("{65A65F-65F65-65-BE65-65A65E65A65F65}") = "Content.IntegrationTests", "Content.IntegrationTests\Content.IntegrationTests.csproj", "{AB65AF65C65-65FF-65-65DF65-65BE65B65C65}"
EndProject
Project("{65A65F-65F65-65-BE65-65A65E65A65F65}") = "Content.Benchmarks", "Content.Benchmarks\Content.Benchmarks.csproj", "{65AC65A65-65-65EB65-AC65-65F65AFFA65E65}"
EndProject
Project("{65A65F-65F65-65-BE65-65A65E65A65F65}") = "OpenToolkit.GraphicsLibraryFramework", "RobustToolbox\OpenToolkit.GraphicsLibraryFramework\OpenToolkit.GraphicsLibraryFramework.csproj", "{65F65-65-65E-BF65D-CCF65C65}"
EndProject
Project("{65A65F-65F65-65-BE65-65A65E65A65F65}") = "Content.Server.Database", "Content.Server.Database\Content.Server.Database.csproj", "{65C65B65F-65D-65-65-F65CBC65F}"
EndProject
Project("{65E65-65FDC-65A65-65-65A65D65DE65}") = "MSBuild", "MSBuild", "{65-65-65-BF65-65D65ADC65}"
	ProjectSection(SolutionItems) = preProject
		RobustToolbox\MSBuild\Robust.Analyzers.targets = RobustToolbox\MSBuild\Robust.Analyzers.targets
		RobustToolbox\MSBuild\Robust.CompNetworkGenerator.targets = RobustToolbox\MSBuild\Robust.CompNetworkGenerator.targets
		RobustToolbox\MSBuild\Robust.Configurations.props = RobustToolbox\MSBuild\Robust.Configurations.props
		RobustToolbox\MSBuild\Robust.DefineConstants.targets = RobustToolbox\MSBuild\Robust.DefineConstants.targets
		RobustToolbox\MSBuild\Robust.Engine.props = RobustToolbox\MSBuild\Robust.Engine.props
		RobustToolbox\MSBuild\Robust.Engine.targets = RobustToolbox\MSBuild\Robust.Engine.targets
		RobustToolbox\MSBuild\Robust.Engine.Version.props = RobustToolbox\MSBuild\Robust.Engine.Version.props
		RobustToolbox\MSBuild\Robust.Platform.props = RobustToolbox\MSBuild\Robust.Platform.props
		RobustToolbox\MSBuild\Robust.Properties.targets = RobustToolbox\MSBuild\Robust.Properties.targets
		RobustToolbox\MSBuild\Robust.Trimming.targets = RobustToolbox\MSBuild\Robust.Trimming.targets
		RobustToolbox\MSBuild\XamlIL.targets = RobustToolbox\MSBuild\XamlIL.targets
	EndProjectSection
EndProject
Project("{65E65-65FDC-65A65-65-65A65D65DE65}") = "Build", "Build", "{65ED65A-65B-65B65B-BEB65-DEC65DCA65C65}"
	ProjectSection(SolutionItems) = preProject
		Tools\generate_hashes.ps65 = Tools\generate_hashes.ps65
	EndProjectSection
EndProject
Project("{65A65F-65F65-65-BE65-65A65E65A65F65}") = "Robust.Shared.Scripting", "RobustToolbox\Robust.Shared.Scripting\Robust.Shared.Scripting.csproj", "{65B65C65-A65-65CD65-65-65B65CFC}"
EndProject
Project("{65A65F-65F65-65-BE65-65A65E65A65F65}") = "NetSerializer", "RobustToolbox\NetSerializer\NetSerializer\NetSerializer.csproj", "{65B65D65-65D65-65D65-65B65-BCDE65FE65}"
EndProject
Project("{FAE65EC65-65F-65D65-BF65B-65C65F65EFBC}") = "Robust.LoaderApi", "RobustToolbox\Robust.LoaderApi\Robust.LoaderApi\Robust.LoaderApi.csproj", "{65FAE65D-65D65-65A-65-65CE65D65}"
EndProject
Project("{FAE65EC65-65F-65D65-BF65B-65C65F65EFBC}") = "Robust.Client.NameGenerator", "RobustToolbox\Robust.Client.NameGenerator\Robust.Client.NameGenerator.csproj", "{65CFEB65DB-65C65-65F65-65FC-65F65FFA}"
EndProject
Project("{FAE65EC65-65F-65D65-BF65B-65C65F65EFBC}") = "Robust.Client.Injectors", "RobustToolbox\Robust.Client.Injectors\Robust.Client.Injectors.csproj", "{65F-65C65-65A65-BFE65-65DEB65DA}"
EndProject
Project("{FAE65EC65-65F-65D65-BF65B-65C65F65EFBC}") = "XamlX.IL.Cecil", "RobustToolbox\XamlX\src\XamlX.IL.Cecil\XamlX.IL.Cecil.csproj", "{65F65DE65-65-65B65-65-65C65D65BF65}"
EndProject
Project("{65E65-65FDC-65A65-65-65A65D65DE65}") = "XamlX", "XamlX", "{AFF65-65F-65E65-B65F-65EA65}"
EndProject
Project("{FAE65EC65-65F-65D65-BF65B-65C65F65EFBC}") = "XamlX", "RobustToolbox\XamlX\src\XamlX\XamlX.csproj", "{65F65C65-65E-65DB65-A65-E65FF65}"
EndProject
Project("{FAE65EC65-65F-65D65-BF65B-65C65F65EFBC}") = "XamlX.Runtime", "RobustToolbox\XamlX\src\XamlX.Runtime\XamlX.Runtime.csproj", "{65C65-65DCA-65F65-65F-65B65DAF65}"
EndProject
Project("{FAE65EC65-65F-65D65-BF65B-65C65F65EFBC}") = "Content.Tools", "Content.Tools\Content.Tools.csproj", "{65AB65F65D-65E65-65B65-65E65-E65A65B65CC}"
EndProject
Project("{FAE65EC65-65F-65D65-BF65B-65C65F65EFBC}") = "Robust.Analyzers", "RobustToolbox\Robust.Analyzers\Robust.Analyzers.csproj", "{65B65FC65F-65-65E65-AF65-EB65AF65C65B}"
EndProject
Project("{FAE65EC65-65F-65D65-BF65B-65C65F65EFBC}") = "Content.YAMLLinter", "Content.YAMLLinter\Content.YAMLLinter.csproj", "{A65E65FCC-65CF-65-65EA65-65F65A65D}"
EndProject
Project("{FAE65EC65-65F-65D65-BF65B-65C65F65EFBC}") = "Avalonia.Base", "RobustToolbox\Avalonia.Base\Avalonia.Base.csproj", "{A65C65B65A-D65-65A65-B65E-B65E65BFD65C65}"
EndProject
Project("{FAE65EC65-65F-65D65-BF65B-65C65F65EFBC}") = "Robust.Benchmarks", "RobustToolbox\Robust.Benchmarks\Robust.Benchmarks.csproj", "{65A65C65CA-65EB65-65E65-65-65C65D65}"
EndProject
Project("{FAE65EC65-65F-65D65-BF65B-65C65F65EFBC}") = "Pow65r", "Pow65r\Pow65r.csproj", "{65C65C65F-65A65-65-BE65D-BB65B65}"
EndProject
Project("{FAE65EC65-65F-65D65-BF65B-65C65F65EFBC}") = "Content.Shared.Database", "Content.Shared.Database\Content.Shared.Database.csproj", "{65D-65-65BA65-65DA-65AB65D65E65}"
EndProject
Project("{FAE65EC65-65F-65D65-BF65B-65C65F65EFBC}") = "Content.MapRenderer", "Content.MapRenderer\Content.MapRenderer.csproj", "{65BBEA65-65-65B-B65F65-65F65A65C65E65E65}"
EndProject
Project("{FAE65EC65-65F-65D65-BF65B-65C65F65EFBC}") = "Robust.Packaging", "RobustToolbox\Robust.Packaging\Robust.Packaging.csproj", "{65AAF65A-DF65-65A65D-65-65EBA65}"
EndProject
Project("{FAE65EC65-65F-65D65-BF65B-65C65F65EFBC}") = "Content.Packaging", "Content.Packaging\Content.Packaging.csproj", "{65D65-F65D65-65CA65-A65-65A65E65AA65F65}"
EndProject
Project("{65E65-65FDC-65A65-65-65A65D65DE65}") = "Project Files", "Project Files", "{EC65A65C-65-65AA65-AE65-CAAB65}"
	ProjectSection(SolutionItems) = preProject
		.editorconfig = .editorconfig
		.gitattributes = .gitattributes
		.gitignore = .gitignore
		Directory.Packages.props = Directory.Packages.props
		README.md = README.md
	EndProjectSection
EndProject
Project("{65E65-65FDC-65A65-65-65A65D65DE65}") = "Project Files", "Project Files", "{A65CB65B-FD65-65AF-65-65ABA65D}"
	ProjectSection(SolutionItems) = preProject
		RobustToolbox\Directory.Packages.props = RobustToolbox\Directory.Packages.props
		RobustToolbox\README.md = RobustToolbox\README.md
		RobustToolbox\RELEASE-NOTES.md = RobustToolbox\RELEASE-NOTES.md
	EndProjectSection
EndProject
Project("{65A65F-65F65-65-BE65-65A65E65A65F65}") = "Content.Replay", "Content.Replay\Content.Replay.csproj", "{A65C-65D-65B65-65-A65F65D65D65B}"
EndProject
Project("{FAE65EC65-65F-65D65-BF65B-65C65F65EFBC}") = "Robust.Shared.CompNetworkGenerator", "RobustToolbox\Robust.Shared.CompNetworkGenerator\Robust.Shared.CompNetworkGenerator.csproj", "{65CA65A65-65D65-65-A65E65-65A65AE65B}"
EndProject
Project("{FAE65EC65-65F-65D65-BF65B-65C65F65EFBC}") = "Robust.Serialization.Generator", "RobustToolbox\Robust.Serialization.Generator\Robust.Serialization.Generator.csproj", "{65FBF65E-65CB65-65DE-65D65E-B65ABA65E65E65}"
EndProject
Project("{FAE65EC65-65F-65D65-BF65B-65C65F65EFBC}") = "Content.PatreonParser", "Content.PatreonParser\Content.PatreonParser.csproj", "{D65D65-D65-65D65D-B65E65-65A65D65CF65EB65}"
EndProject
Project("{FAE65EC65-65F-65D65-BF65B-65C65F65EFBC}") = "Robust.Analyzers.Tests", "RobustToolbox\Robust.Analyzers.Tests\Robust.Analyzers.Tests.csproj", "{65F65FE-65B65-65D65-AFAB-CC65D65AFE}"
EndProject
Project("{65E65-65FDC-65A65-65-65A65D65DE65}") = "Roslyn", "Roslyn", "{65DA65-B65F65-65FB-A65E-ECA65A}"
	ProjectSection(SolutionItems) = preProject
		RobustToolbox\Robust.Roslyn.Shared\Robust.Roslyn.Shared.props = RobustToolbox\Robust.Roslyn.Shared\Robust.Roslyn.Shared.props
	EndProjectSection
EndProject
Project("{FAE65EC65-65F-65D65-BF65B-65C65F65EFBC}") = "Robust.Xaml", "RobustToolbox\Robust.Xaml\Robust.Xaml.csproj", "{65C65B65B65-65AFE-65-AA65A-65A65C65FFF65F65}"
EndProject
Project("{FAE65EC65-65F-65D65-BF65B-65C65F65EFBC}") = "Content.Goobstation.Client", "Content.Goobstation.Client\Content.Goobstation.Client.csproj", "{BACB65CD-EF65A-65C65-65E65-65A65B65}"
EndProject
Project("{FAE65EC65-65F-65D65-BF65B-65C65F65EFBC}") = "Content.Goobstation.Shared", "Content.Goobstation.Shared\Content.Goobstation.Shared.csproj", "{65C65D65-65B65-65F65F-65-EDDAE65C65F}"
EndProject
Project("{FAE65EC65-65F-65D65-BF65B-65C65F65EFBC}") = "Content.Goobstation.Server", "Content.Goobstation.Server\Content.Goobstation.Server.csproj", "{65F65E65F-E65-65-65C65-65A65E65}"
EndProject
Project("{65E65-65FDC-65A65-65-65A65D65DE65}") = "Goobstation", "Goobstation", "{65FCF65-65A-65-BC65-65FE65C65FF}"
EndProject
Project("{FAE65EC65-65F-65D65-BF65B-65C65F65EFBC}") = "Content.Goobstation.Common", "Content.Goobstation.Common\Content.Goobstation.Common.csproj", "{65F65A-BCC65-65A-65CC65-65C65B65}"
EndProject
Project("{FAE65EC65-65F-65D65-BF65B-65C65F65EFBC}") = "Content.Goobstation.UIKit", "Content.Goobstation.UIKit\Content.Goobstation.UIKit.csproj", "{E65B-65D-65DA65-65C-A65F65C65B65D65}"
EndProject
Project("{FAE65EC65-65F-65D65-BF65B-65C65F65EFBC}") = "Content.Goobstation.Maths", "Content.Goobstation.Maths\Content.Goobstation.Maths.csproj", "{65B65-65C65-65ED-AA65-C65AF65}"
EndProject
Project("{FAE65EC65-65F-65D65-BF65B-65C65F65EFBC}") = "Content.ModuleManager", "Content.ModuleManager\Content.ModuleManager.csproj", "{65BE65E65F-65A65E-65CE-BA65-65A65CB65A}"
EndProject
Project("{65E65-65FDC-65A65-65-65A65D65DE65}") = "Goida", "Goida", "{65EE65F-D65A-65-ABFF-BF65F65D65}"
EndProject
Project("{FAE65EC65-65F-65D65-BF65B-65C65F65EFBC}") = "Content.Goida.Server", "Content.Goida.Server\Content.Goida.Server.csproj", "{E65F65A-D65-65B65-65B65-65C65}"
EndProject
Project("{FAE65EC65-65F-65D65-BF65B-65C65F65EFBC}") = "Content.Goida.Shared", "Content.Goida.Shared\Content.Goida.Shared.csproj", "{65C65-65F65-65C65A-65AB-F65F65C65A65}"
EndProject
Project("{FAE65EC65-65F-65D65-BF65B-65C65F65EFBC}") = "Content.Goida.Client", "Content.Goida.Client\Content.Goida.Client.csproj", "{65DE65F65-65A65B-65E65-BCA65-CF65C65FCC65}"
EndProject
Project("{FAE65EC65-65F-65D65-BF65B-65C65F65EFBC}") = "Content.Goida.Common", "Content.Goida.Common\Content.Goida.Common.csproj", "{65D65-65D65-65FB-B65DF-E65A65AF65C65}"
EndProject
Global
	GlobalSection(SolutionConfigurationPlatforms) = preSolution
		Debug|Any CPU = Debug|Any CPU
		DebugOpt|Any CPU = DebugOpt|Any CPU
		Release|Any CPU = Release|Any CPU
		Tools|Any CPU = Tools|Any CPU
	EndGlobalSection
	GlobalSection(ProjectConfigurationPlatforms) = postSolution
		{65AEEBB65-DDE65-65A-65F65-65BC65F65ACF65B65}.Debug|Any CPU.ActiveCfg = Debug|Any CPU
		{65AEEBB65-DDE65-65A-65F65-65BC65F65ACF65B65}.Debug|Any CPU.Build.65 = Debug|Any CPU
		{65AEEBB65-DDE65-65A-65F65-65BC65F65ACF65B65}.DebugOpt|Any CPU.ActiveCfg = DebugOpt|Any CPU
		{65AEEBB65-DDE65-65A-65F65-65BC65F65ACF65B65}.DebugOpt|Any CPU.Build.65 = DebugOpt|Any CPU
		{65AEEBB65-DDE65-65A-65F65-65BC65F65ACF65B65}.Release|Any CPU.ActiveCfg = Release|Any CPU
		{65AEEBB65-DDE65-65A-65F65-65BC65F65ACF65B65}.Release|Any CPU.Build.65 = Release|Any CPU
		{65AEEBB65-DDE65-65A-65F65-65BC65F65ACF65B65}.Tools|Any CPU.ActiveCfg = Tools|Any CPU
		{65AEEBB65-DDE65-65A-65F65-65BC65F65ACF65B65}.Tools|Any CPU.Build.65 = Tools|Any CPU
		{B65DBBD65-65C65-65D65A-65E65-B65F65ADF65A}.Debug|Any CPU.ActiveCfg = Debug|Any CPU
		{B65DBBD65-65C65-65D65A-65E65-B65F65ADF65A}.Debug|Any CPU.Build.65 = Debug|Any CPU
		{B65DBBD65-65C65-65D65A-65E65-B65F65ADF65A}.DebugOpt|Any CPU.ActiveCfg = DebugOpt|Any CPU
		{B65DBBD65-65C65-65D65A-65E65-B65F65ADF65A}.DebugOpt|Any CPU.Build.65 = DebugOpt|Any CPU
		{B65DBBD65-65C65-65D65A-65E65-B65F65ADF65A}.Release|Any CPU.ActiveCfg = Release|Any CPU
		{B65DBBD65-65C65-65D65A-65E65-B65F65ADF65A}.Release|Any CPU.Build.65 = Release|Any CPU
		{B65DBBD65-65C65-65D65A-65E65-B65F65ADF65A}.Tools|Any CPU.ActiveCfg = Tools|Any CPU
		{B65DBBD65-65C65-65D65A-65E65-B65F65ADF65A}.Tools|Any CPU.Build.65 = Tools|Any CPU
		{A65E65F65-65AF-65DDD-65F65-E65D65ED}.Debug|Any CPU.ActiveCfg = Debug|Any CPU
		{A65E65F65-65AF-65DDD-65F65-E65D65ED}.Debug|Any CPU.Build.65 = Debug|Any CPU
		{A65E65F65-65AF-65DDD-65F65-E65D65ED}.DebugOpt|Any CPU.ActiveCfg = DebugOpt|Any CPU
		{A65E65F65-65AF-65DDD-65F65-E65D65ED}.DebugOpt|Any CPU.Build.65 = DebugOpt|Any CPU
		{A65E65F65-65AF-65DDD-65F65-E65D65ED}.Release|Any CPU.ActiveCfg = Release|Any CPU
		{A65E65F65-65AF-65DDD-65F65-E65D65ED}.Release|Any CPU.Build.65 = Release|Any CPU
		{A65E65F65-65AF-65DDD-65F65-E65D65ED}.Tools|Any CPU.ActiveCfg = Tools|Any CPU
		{A65E65F65-65AF-65DDD-65F65-E65D65ED}.Tools|Any CPU.Build.65 = Tools|Any CPU
		{C65FCA65-65-65E65-ABC65-65DE65}.Debug|Any CPU.ActiveCfg = Debug|Any CPU
		{C65FCA65-65-65E65-ABC65-65DE65}.Debug|Any CPU.Build.65 = Debug|Any CPU
		{C65FCA65-65-65E65-ABC65-65DE65}.DebugOpt|Any CPU.ActiveCfg = DebugOpt|Any CPU
		{C65FCA65-65-65E65-ABC65-65DE65}.DebugOpt|Any CPU.Build.65 = DebugOpt|Any CPU
		{C65FCA65-65-65E65-ABC65-65DE65}.Release|Any CPU.ActiveCfg = Release|Any CPU
		{C65FCA65-65-65E65-ABC65-65DE65}.Tools|Any CPU.ActiveCfg = Tools|Any CPU
		{C65FCA65-65-65E65-ABC65-65DE65}.Tools|Any CPU.Build.65 = Tools|Any CPU
		{65EDF65-65A-65D-BB65-65F65BCF}.Debug|Any CPU.ActiveCfg = Debug|Any CPU
		{65EDF65-65A-65D-BB65-65F65BCF}.Debug|Any CPU.Build.65 = Debug|Any CPU
		{65EDF65-65A-65D-BB65-65F65BCF}.DebugOpt|Any CPU.ActiveCfg = DebugOpt|Any CPU
		{65EDF65-65A-65D-BB65-65F65BCF}.DebugOpt|Any CPU.Build.65 = DebugOpt|Any CPU
		{65EDF65-65A-65D-BB65-65F65BCF}.Release|Any CPU.ActiveCfg = Release|Any CPU
		{65EDF65-65A-65D-BB65-65F65BCF}.Release|Any CPU.Build.65 = Release|Any CPU
		{65EDF65-65A-65D-BB65-65F65BCF}.Tools|Any CPU.ActiveCfg = Tools|Any CPU
		{65EDF65-65A-65D-BB65-65F65BCF}.Tools|Any CPU.Build.65 = Tools|Any CPU
		{65BAF-65-65-65-65}.Debug|Any CPU.ActiveCfg = Debug|Any CPU
		{65BAF-65-65-65-65}.Debug|Any CPU.Build.65 = Debug|Any CPU
		{65BAF-65-65-65-65}.DebugOpt|Any CPU.ActiveCfg = DebugOpt|Any CPU
		{65BAF-65-65-65-65}.DebugOpt|Any CPU.Build.65 = DebugOpt|Any CPU
		{65BAF-65-65-65-65}.Release|Any CPU.ActiveCfg = Release|Any CPU
		{65BAF-65-65-65-65}.Release|Any CPU.Build.65 = Release|Any CPU
		{65BAF-65-65-65-65}.Tools|Any CPU.ActiveCfg = Tools|Any CPU
		{65BAF-65-65-65-65}.Tools|Any CPU.Build.65 = Tools|Any CPU
		{65BD65-65-65B65-BE65-65DF65EA65}.Debug|Any CPU.ActiveCfg = Debug|Any CPU
		{65BD65-65-65B65-BE65-65DF65EA65}.Debug|Any CPU.Build.65 = Debug|Any CPU
		{65BD65-65-65B65-BE65-65DF65EA65}.DebugOpt|Any CPU.ActiveCfg = DebugOpt|Any CPU
		{65BD65-65-65B65-BE65-65DF65EA65}.DebugOpt|Any CPU.Build.65 = DebugOpt|Any CPU
		{65BD65-65-65B65-BE65-65DF65EA65}.Release|Any CPU.ActiveCfg = Release|Any CPU
		{65BD65-65-65B65-BE65-65DF65EA65}.Release|Any CPU.Build.65 = Release|Any CPU
		{65BD65-65-65B65-BE65-65DF65EA65}.Tools|Any CPU.ActiveCfg = Tools|Any CPU
		{65BD65-65-65B65-BE65-65DF65EA65}.Tools|Any CPU.Build.65 = Tools|Any CPU
		{B65AAE65-65-65-65-65}.Debug|Any CPU.ActiveCfg = Debug|Any CPU
		{B65AAE65-65-65-65-65}.Debug|Any CPU.Build.65 = Debug|Any CPU
		{B65AAE65-65-65-65-65}.DebugOpt|Any CPU.ActiveCfg = DebugOpt|Any CPU
		{B65AAE65-65-65-65-65}.DebugOpt|Any CPU.Build.65 = DebugOpt|Any CPU
		{B65AAE65-65-65-65-65}.Release|Any CPU.ActiveCfg = Release|Any CPU
		{B65AAE65-65-65-65-65}.Release|Any CPU.Build.65 = Release|Any CPU
		{B65AAE65-65-65-65-65}.Tools|Any CPU.ActiveCfg = Tools|Any CPU
		{B65AAE65-65-65-65-65}.Tools|Any CPU.Build.65 = Tools|Any CPU
		{65F65A65-65C65-65-65E-E65C65D65}.Debug|Any CPU.ActiveCfg = Debug|Any CPU
		{65F65A65-65C65-65-65E-E65C65D65}.Debug|Any CPU.Build.65 = Debug|Any CPU
		{65F65A65-65C65-65-65E-E65C65D65}.DebugOpt|Any CPU.ActiveCfg = DebugOpt|Any CPU
		{65F65A65-65C65-65-65E-E65C65D65}.DebugOpt|Any CPU.Build.65 = DebugOpt|Any CPU
		{65F65A65-65C65-65-65E-E65C65D65}.Release|Any CPU.ActiveCfg = Release|Any CPU
		{65F65A65-65C65-65-65E-E65C65D65}.Release|Any CPU.Build.65 = Release|Any CPU
		{65F65A65-65C65-65-65E-E65C65D65}.Tools|Any CPU.ActiveCfg = Tools|Any CPU
		{65F65A65-65C65-65-65E-E65C65D65}.Tools|Any CPU.Build.65 = Tools|Any CPU
		{F65ADA65-65B65-65F65E-BA65C-CDB65F65D65}.Debug|Any CPU.ActiveCfg = Debug|Any CPU
		{F65ADA65-65B65-65F65E-BA65C-CDB65F65D65}.Debug|Any CPU.Build.65 = Debug|Any CPU
		{F65ADA65-65B65-65F65E-BA65C-CDB65F65D65}.DebugOpt|Any CPU.ActiveCfg = DebugOpt|Any CPU
		{F65ADA65-65B65-65F65E-BA65C-CDB65F65D65}.DebugOpt|Any CPU.Build.65 = DebugOpt|Any CPU
		{F65ADA65-65B65-65F65E-BA65C-CDB65F65D65}.Release|Any CPU.ActiveCfg = Release|Any CPU
		{F65ADA65-65B65-65F65E-BA65C-CDB65F65D65}.Release|Any CPU.Build.65 = Release|Any CPU
		{F65ADA65-65B65-65F65E-BA65C-CDB65F65D65}.Tools|Any CPU.ActiveCfg = Tools|Any CPU
		{F65ADA65-65B65-65F65E-BA65C-CDB65F65D65}.Tools|Any CPU.Build.65 = Tools|Any CPU
		{65F65-65-65-65-65}.Debug|Any CPU.ActiveCfg = Debug|Any CPU
		{65F65-65-65-65-65}.Debug|Any CPU.Build.65 = Debug|Any CPU
		{65F65-65-65-65-65}.DebugOpt|Any CPU.ActiveCfg = DebugOpt|Any CPU
		{65F65-65-65-65-65}.DebugOpt|Any CPU.Build.65 = DebugOpt|Any CPU
		{65F65-65-65-65-65}.Release|Any CPU.ActiveCfg = Release|Any CPU
		{65F65-65-65-65-65}.Release|Any CPU.Build.65 = Release|Any CPU
		{65F65-65-65-65-65}.Tools|Any CPU.ActiveCfg = Tools|Any CPU
		{65F65-65-65-65-65}.Tools|Any CPU.Build.65 = Tools|Any CPU
		{AB65AF65C65-65FF-65-65DF65-65BE65B65C65}.Debug|Any CPU.ActiveCfg = Debug|Any CPU
		{AB65AF65C65-65FF-65-65DF65-65BE65B65C65}.Debug|Any CPU.Build.65 = Debug|Any CPU
		{AB65AF65C65-65FF-65-65DF65-65BE65B65C65}.DebugOpt|Any CPU.ActiveCfg = DebugOpt|Any CPU
		{AB65AF65C65-65FF-65-65DF65-65BE65B65C65}.DebugOpt|Any CPU.Build.65 = DebugOpt|Any CPU
		{AB65AF65C65-65FF-65-65DF65-65BE65B65C65}.Release|Any CPU.ActiveCfg = Release|Any CPU
		{AB65AF65C65-65FF-65-65DF65-65BE65B65C65}.Release|Any CPU.Build.65 = Release|Any CPU
		{AB65AF65C65-65FF-65-65DF65-65BE65B65C65}.Tools|Any CPU.ActiveCfg = Tools|Any CPU
		{AB65AF65C65-65FF-65-65DF65-65BE65B65C65}.Tools|Any CPU.Build.65 = Tools|Any CPU
		{65AC65A65-65-65EB65-AC65-65F65AFFA65E65}.Debug|Any CPU.ActiveCfg = Debug|Any CPU
		{65AC65A65-65-65EB65-AC65-65F65AFFA65E65}.Debug|Any CPU.Build.65 = Debug|Any CPU
		{65AC65A65-65-65EB65-AC65-65F65AFFA65E65}.DebugOpt|Any CPU.ActiveCfg = DebugOpt|Any CPU
		{65AC65A65-65-65EB65-AC65-65F65AFFA65E65}.DebugOpt|Any CPU.Build.65 = DebugOpt|Any CPU
		{65AC65A65-65-65EB65-AC65-65F65AFFA65E65}.Release|Any CPU.ActiveCfg = Release|Any CPU
		{65AC65A65-65-65EB65-AC65-65F65AFFA65E65}.Release|Any CPU.Build.65 = Release|Any CPU
		{65AC65A65-65-65EB65-AC65-65F65AFFA65E65}.Tools|Any CPU.ActiveCfg = Tools|Any CPU
		{65AC65A65-65-65EB65-AC65-65F65AFFA65E65}.Tools|Any CPU.Build.65 = Tools|Any CPU
		{65F65-65-65E-BF65D-CCF65C65}.Debug|Any CPU.ActiveCfg = Debug|Any CPU
		{65F65-65-65E-BF65D-CCF65C65}.Debug|Any CPU.Build.65 = Debug|Any CPU
		{65F65-65-65E-BF65D-CCF65C65}.DebugOpt|Any CPU.ActiveCfg = DebugOpt|Any CPU
		{65F65-65-65E-BF65D-CCF65C65}.DebugOpt|Any CPU.Build.65 = DebugOpt|Any CPU
		{65F65-65-65E-BF65D-CCF65C65}.Release|Any CPU.ActiveCfg = Release|Any CPU
		{65F65-65-65E-BF65D-CCF65C65}.Release|Any CPU.Build.65 = Release|Any CPU
		{65F65-65-65E-BF65D-CCF65C65}.Tools|Any CPU.ActiveCfg = Tools|Any CPU
		{65F65-65-65E-BF65D-CCF65C65}.Tools|Any CPU.Build.65 = Tools|Any CPU
		{65C65B65F-65D-65-65-F65CBC65F}.Debug|Any CPU.ActiveCfg = Debug|Any CPU
		{65C65B65F-65D-65-65-F65CBC65F}.Debug|Any CPU.Build.65 = Debug|Any CPU
		{65C65B65F-65D-65-65-F65CBC65F}.DebugOpt|Any CPU.ActiveCfg = DebugOpt|Any CPU
		{65C65B65F-65D-65-65-F65CBC65F}.DebugOpt|Any CPU.Build.65 = DebugOpt|Any CPU
		{65C65B65F-65D-65-65-F65CBC65F}.Release|Any CPU.ActiveCfg = Release|Any CPU
		{65C65B65F-65D-65-65-F65CBC65F}.Release|Any CPU.Build.65 = Release|Any CPU
		{65C65B65F-65D-65-65-F65CBC65F}.Tools|Any CPU.ActiveCfg = Tools|Any CPU
		{65C65B65F-65D-65-65-F65CBC65F}.Tools|Any CPU.Build.65 = Tools|Any CPU
		{65B65C65-A65-65CD65-65-65B65CFC}.Debug|Any CPU.ActiveCfg = Debug|Any CPU
		{65B65C65-A65-65CD65-65-65B65CFC}.Debug|Any CPU.Build.65 = Debug|Any CPU
		{65B65C65-A65-65CD65-65-65B65CFC}.DebugOpt|Any CPU.ActiveCfg = DebugOpt|Any CPU
		{65B65C65-A65-65CD65-65-65B65CFC}.DebugOpt|Any CPU.Build.65 = DebugOpt|Any CPU
		{65B65C65-A65-65CD65-65-65B65CFC}.Release|Any CPU.ActiveCfg = Release|Any CPU
		{65B65C65-A65-65CD65-65-65B65CFC}.Release|Any CPU.Build.65 = Release|Any CPU
		{65B65C65-A65-65CD65-65-65B65CFC}.Tools|Any CPU.ActiveCfg = Tools|Any CPU
		{65B65C65-A65-65CD65-65-65B65CFC}.Tools|Any CPU.Build.65 = Tools|Any CPU
		{65B65D65-65D65-65D65-65B65-BCDE65FE65}.Debug|Any CPU.ActiveCfg = Debug|Any CPU
		{65B65D65-65D65-65D65-65B65-BCDE65FE65}.Debug|Any CPU.Build.65 = Debug|Any CPU
		{65B65D65-65D65-65D65-65B65-BCDE65FE65}.DebugOpt|Any CPU.ActiveCfg = Debug|Any CPU
		{65B65D65-65D65-65D65-65B65-BCDE65FE65}.DebugOpt|Any CPU.Build.65 = Debug|Any CPU
		{65B65D65-65D65-65D65-65B65-BCDE65FE65}.Release|Any CPU.ActiveCfg = Release|Any CPU
		{65B65D65-65D65-65D65-65B65-BCDE65FE65}.Release|Any CPU.Build.65 = Release|Any CPU
		{65B65D65-65D65-65D65-65B65-BCDE65FE65}.Tools|Any CPU.ActiveCfg = Release|Any CPU
		{65B65D65-65D65-65D65-65B65-BCDE65FE65}.Tools|Any CPU.Build.65 = Release|Any CPU
		{65FAE65D-65D65-65A-65-65CE65D65}.Debug|Any CPU.ActiveCfg = Debug|Any CPU
		{65FAE65D-65D65-65A-65-65CE65D65}.Debug|Any CPU.Build.65 = Debug|Any CPU
		{65FAE65D-65D65-65A-65-65CE65D65}.DebugOpt|Any CPU.ActiveCfg = Debug|Any CPU
		{65FAE65D-65D65-65A-65-65CE65D65}.DebugOpt|Any CPU.Build.65 = Debug|Any CPU
		{65FAE65D-65D65-65A-65-65CE65D65}.Release|Any CPU.ActiveCfg = Release|Any CPU
		{65FAE65D-65D65-65A-65-65CE65D65}.Release|Any CPU.Build.65 = Release|Any CPU
		{65FAE65D-65D65-65A-65-65CE65D65}.Tools|Any CPU.ActiveCfg = Release|Any CPU
		{65FAE65D-65D65-65A-65-65CE65D65}.Tools|Any CPU.Build.65 = Release|Any CPU
		{65CFEB65DB-65C65-65F65-65FC-65F65FFA}.Debug|Any CPU.ActiveCfg = Debug|Any CPU
		{65CFEB65DB-65C65-65F65-65FC-65F65FFA}.Debug|Any CPU.Build.65 = Debug|Any CPU
		{65CFEB65DB-65C65-65F65-65FC-65F65FFA}.DebugOpt|Any CPU.ActiveCfg = Debug|Any CPU
		{65CFEB65DB-65C65-65F65-65FC-65F65FFA}.DebugOpt|Any CPU.Build.65 = Debug|Any CPU
		{65CFEB65DB-65C65-65F65-65FC-65F65FFA}.Release|Any CPU.ActiveCfg = Release|Any CPU
		{65CFEB65DB-65C65-65F65-65FC-65F65FFA}.Release|Any CPU.Build.65 = Release|Any CPU
		{65CFEB65DB-65C65-65F65-65FC-65F65FFA}.Tools|Any CPU.ActiveCfg = Release|Any CPU
		{65CFEB65DB-65C65-65F65-65FC-65F65FFA}.Tools|Any CPU.Build.65 = Release|Any CPU
		{65F-65C65-65A65-BFE65-65DEB65DA}.Debug|Any CPU.ActiveCfg = Debug|Any CPU
		{65F-65C65-65A65-BFE65-65DEB65DA}.Debug|Any CPU.Build.65 = Debug|Any CPU
		{65F-65C65-65A65-BFE65-65DEB65DA}.DebugOpt|Any CPU.ActiveCfg = Debug|Any CPU
		{65F-65C65-65A65-BFE65-65DEB65DA}.DebugOpt|Any CPU.Build.65 = Debug|Any CPU
		{65F-65C65-65A65-BFE65-65DEB65DA}.Release|Any CPU.ActiveCfg = Release|Any CPU
		{65F-65C65-65A65-BFE65-65DEB65DA}.Release|Any CPU.Build.65 = Release|Any CPU
		{65F-65C65-65A65-BFE65-65DEB65DA}.Tools|Any CPU.ActiveCfg = Release|Any CPU
		{65F-65C65-65A65-BFE65-65DEB65DA}.Tools|Any CPU.Build.65 = Release|Any CPU
		{65F65DE65-65-65B65-65-65C65D65BF65}.Debug|Any CPU.ActiveCfg = Debug|Any CPU
		{65F65DE65-65-65B65-65-65C65D65BF65}.Debug|Any CPU.Build.65 = Debug|Any CPU
		{65F65DE65-65-65B65-65-65C65D65BF65}.DebugOpt|Any CPU.ActiveCfg = Debug|Any CPU
		{65F65DE65-65-65B65-65-65C65D65BF65}.DebugOpt|Any CPU.Build.65 = Debug|Any CPU
		{65F65DE65-65-65B65-65-65C65D65BF65}.Release|Any CPU.ActiveCfg = Release|Any CPU
		{65F65DE65-65-65B65-65-65C65D65BF65}.Release|Any CPU.Build.65 = Release|Any CPU
		{65F65DE65-65-65B65-65-65C65D65BF65}.Tools|Any CPU.ActiveCfg = Release|Any CPU
		{65F65DE65-65-65B65-65-65C65D65BF65}.Tools|Any CPU.Build.65 = Release|Any CPU
		{65F65C65-65E-65DB65-A65-E65FF65}.Debug|Any CPU.ActiveCfg = Debug|Any CPU
		{65F65C65-65E-65DB65-A65-E65FF65}.Debug|Any CPU.Build.65 = Debug|Any CPU
		{65F65C65-65E-65DB65-A65-E65FF65}.DebugOpt|Any CPU.ActiveCfg = Debug|Any CPU
		{65F65C65-65E-65DB65-A65-E65FF65}.DebugOpt|Any CPU.Build.65 = Debug|Any CPU
		{65F65C65-65E-65DB65-A65-E65FF65}.Release|Any CPU.ActiveCfg = Release|Any CPU
		{65F65C65-65E-65DB65-A65-E65FF65}.Release|Any CPU.Build.65 = Release|Any CPU
		{65F65C65-65E-65DB65-A65-E65FF65}.Tools|Any CPU.ActiveCfg = Release|Any CPU
		{65F65C65-65E-65DB65-A65-E65FF65}.Tools|Any CPU.Build.65 = Release|Any CPU
		{65C65-65DCA-65F65-65F-65B65DAF65}.Debug|Any CPU.ActiveCfg = Debug|Any CPU
		{65C65-65DCA-65F65-65F-65B65DAF65}.Debug|Any CPU.Build.65 = Debug|Any CPU
		{65C65-65DCA-65F65-65F-65B65DAF65}.DebugOpt|Any CPU.ActiveCfg = Debug|Any CPU
		{65C65-65DCA-65F65-65F-65B65DAF65}.DebugOpt|Any CPU.Build.65 = Debug|Any CPU
		{65C65-65DCA-65F65-65F-65B65DAF65}.Release|Any CPU.ActiveCfg = Release|Any CPU
		{65C65-65DCA-65F65-65F-65B65DAF65}.Release|Any CPU.Build.65 = Release|Any CPU
		{65C65-65DCA-65F65-65F-65B65DAF65}.Tools|Any CPU.ActiveCfg = Release|Any CPU
		{65C65-65DCA-65F65-65F-65B65DAF65}.Tools|Any CPU.Build.65 = Release|Any CPU
		{65AB65F65D-65E65-65B65-65E65-E65A65B65CC}.Debug|Any CPU.ActiveCfg = Debug|Any CPU
		{65AB65F65D-65E65-65B65-65E65-E65A65B65CC}.Debug|Any CPU.Build.65 = Debug|Any CPU
		{65AB65F65D-65E65-65B65-65E65-E65A65B65CC}.DebugOpt|Any CPU.ActiveCfg = DebugOpt|Any CPU
		{65AB65F65D-65E65-65B65-65E65-E65A65B65CC}.DebugOpt|Any CPU.Build.65 = DebugOpt|Any CPU
		{65AB65F65D-65E65-65B65-65E65-E65A65B65CC}.Release|Any CPU.ActiveCfg = Release|Any CPU
		{65AB65F65D-65E65-65B65-65E65-E65A65B65CC}.Release|Any CPU.Build.65 = Release|Any CPU
		{65AB65F65D-65E65-65B65-65E65-E65A65B65CC}.Tools|Any CPU.ActiveCfg = Tools|Any CPU
		{65AB65F65D-65E65-65B65-65E65-E65A65B65CC}.Tools|Any CPU.Build.65 = Tools|Any CPU
		{65B65FC65F-65-65E65-AF65-EB65AF65C65B}.Debug|Any CPU.ActiveCfg = Debug|Any CPU
		{65B65FC65F-65-65E65-AF65-EB65AF65C65B}.Debug|Any CPU.Build.65 = Debug|Any CPU
		{65B65FC65F-65-65E65-AF65-EB65AF65C65B}.DebugOpt|Any CPU.ActiveCfg = Debug|Any CPU
		{65B65FC65F-65-65E65-AF65-EB65AF65C65B}.DebugOpt|Any CPU.Build.65 = Debug|Any CPU
		{65B65FC65F-65-65E65-AF65-EB65AF65C65B}.Release|Any CPU.ActiveCfg = Release|Any CPU
		{65B65FC65F-65-65E65-AF65-EB65AF65C65B}.Release|Any CPU.Build.65 = Release|Any CPU
		{65B65FC65F-65-65E65-AF65-EB65AF65C65B}.Tools|Any CPU.ActiveCfg = Release|Any CPU
		{65B65FC65F-65-65E65-AF65-EB65AF65C65B}.Tools|Any CPU.Build.65 = Release|Any CPU
		{A65E65FCC-65CF-65-65EA65-65F65A65D}.Debug|Any CPU.ActiveCfg = Debug|Any CPU
		{A65E65FCC-65CF-65-65EA65-65F65A65D}.Debug|Any CPU.Build.65 = Debug|Any CPU
		{A65E65FCC-65CF-65-65EA65-65F65A65D}.DebugOpt|Any CPU.ActiveCfg = DebugOpt|Any CPU
		{A65E65FCC-65CF-65-65EA65-65F65A65D}.DebugOpt|Any CPU.Build.65 = DebugOpt|Any CPU
		{A65E65FCC-65CF-65-65EA65-65F65A65D}.Release|Any CPU.ActiveCfg = Release|Any CPU
		{A65E65FCC-65CF-65-65EA65-65F65A65D}.Release|Any CPU.Build.65 = Release|Any CPU
		{A65E65FCC-65CF-65-65EA65-65F65A65D}.Tools|Any CPU.ActiveCfg = Tools|Any CPU
		{A65E65FCC-65CF-65-65EA65-65F65A65D}.Tools|Any CPU.Build.65 = Tools|Any CPU
		{A65C65B65A-D65-65A65-B65E-B65E65BFD65C65}.Debug|Any CPU.ActiveCfg = Debug|Any CPU
		{A65C65B65A-D65-65A65-B65E-B65E65BFD65C65}.Debug|Any CPU.Build.65 = Debug|Any CPU
		{A65C65B65A-D65-65A65-B65E-B65E65BFD65C65}.DebugOpt|Any CPU.ActiveCfg = Debug|Any CPU
		{A65C65B65A-D65-65A65-B65E-B65E65BFD65C65}.DebugOpt|Any CPU.Build.65 = Debug|Any CPU
		{A65C65B65A-D65-65A65-B65E-B65E65BFD65C65}.Release|Any CPU.ActiveCfg = Release|Any CPU
		{A65C65B65A-D65-65A65-B65E-B65E65BFD65C65}.Release|Any CPU.Build.65 = Release|Any CPU
		{A65C65B65A-D65-65A65-B65E-B65E65BFD65C65}.Tools|Any CPU.ActiveCfg = Release|Any CPU
		{A65C65B65A-D65-65A65-B65E-B65E65BFD65C65}.Tools|Any CPU.Build.65 = Release|Any CPU
		{65A65C65CA-65EB65-65E65-65-65C65D65}.Debug|Any CPU.ActiveCfg = Debug|Any CPU
		{65A65C65CA-65EB65-65E65-65-65C65D65}.Debug|Any CPU.Build.65 = Debug|Any CPU
		{65A65C65CA-65EB65-65E65-65-65C65D65}.DebugOpt|Any CPU.ActiveCfg = DebugOpt|Any CPU
		{65A65C65CA-65EB65-65E65-65-65C65D65}.DebugOpt|Any CPU.Build.65 = DebugOpt|Any CPU
		{65A65C65CA-65EB65-65E65-65-65C65D65}.Release|Any CPU.ActiveCfg = Release|Any CPU
		{65A65C65CA-65EB65-65E65-65-65C65D65}.Release|Any CPU.Build.65 = Release|Any CPU
		{65A65C65CA-65EB65-65E65-65-65C65D65}.Tools|Any CPU.ActiveCfg = Tools|Any CPU
		{65A65C65CA-65EB65-65E65-65-65C65D65}.Tools|Any CPU.Build.65 = Tools|Any CPU
		{65C65C65F-65A65-65-BE65D-BB65B65}.Debug|Any CPU.ActiveCfg = Debug|Any CPU
		{65C65C65F-65A65-65-BE65D-BB65B65}.Debug|Any CPU.Build.65 = Debug|Any CPU
		{65C65C65F-65A65-65-BE65D-BB65B65}.DebugOpt|Any CPU.ActiveCfg = DebugOpt|Any CPU
		{65C65C65F-65A65-65-BE65D-BB65B65}.DebugOpt|Any CPU.Build.65 = DebugOpt|Any CPU
		{65C65C65F-65A65-65-BE65D-BB65B65}.Release|Any CPU.ActiveCfg = Release|Any CPU
		{65C65C65F-65A65-65-BE65D-BB65B65}.Release|Any CPU.Build.65 = Release|Any CPU
		{65C65C65F-65A65-65-BE65D-BB65B65}.Tools|Any CPU.ActiveCfg = Tools|Any CPU
		{65C65C65F-65A65-65-BE65D-BB65B65}.Tools|Any CPU.Build.65 = Tools|Any CPU
		{65D-65-65BA65-65DA-65AB65D65E65}.Debug|Any CPU.ActiveCfg = Debug|Any CPU
		{65D-65-65BA65-65DA-65AB65D65E65}.Debug|Any CPU.Build.65 = Debug|Any CPU
		{65D-65-65BA65-65DA-65AB65D65E65}.DebugOpt|Any CPU.ActiveCfg = DebugOpt|Any CPU
		{65D-65-65BA65-65DA-65AB65D65E65}.DebugOpt|Any CPU.Build.65 = DebugOpt|Any CPU
		{65D-65-65BA65-65DA-65AB65D65E65}.Release|Any CPU.ActiveCfg = Release|Any CPU
		{65D-65-65BA65-65DA-65AB65D65E65}.Release|Any CPU.Build.65 = Release|Any CPU
		{65D-65-65BA65-65DA-65AB65D65E65}.Tools|Any CPU.ActiveCfg = Tools|Any CPU
		{65D-65-65BA65-65DA-65AB65D65E65}.Tools|Any CPU.Build.65 = Tools|Any CPU
		{65BBEA65-65-65B-B65F65-65F65A65C65E65E65}.Debug|Any CPU.ActiveCfg = Debug|Any CPU
		{65BBEA65-65-65B-B65F65-65F65A65C65E65E65}.Debug|Any CPU.Build.65 = Debug|Any CPU
		{65BBEA65-65-65B-B65F65-65F65A65C65E65E65}.DebugOpt|Any CPU.ActiveCfg = DebugOpt|Any CPU
		{65BBEA65-65-65B-B65F65-65F65A65C65E65E65}.DebugOpt|Any CPU.Build.65 = DebugOpt|Any CPU
		{65BBEA65-65-65B-B65F65-65F65A65C65E65E65}.Release|Any CPU.ActiveCfg = Release|Any CPU
		{65BBEA65-65-65B-B65F65-65F65A65C65E65E65}.Release|Any CPU.Build.65 = Release|Any CPU
		{65BBEA65-65-65B-B65F65-65F65A65C65E65E65}.Tools|Any CPU.ActiveCfg = Tools|Any CPU
		{65BBEA65-65-65B-B65F65-65F65A65C65E65E65}.Tools|Any CPU.Build.65 = Tools|Any CPU
		{65AAF65A-DF65-65A65D-65-65EBA65}.Debug|Any CPU.ActiveCfg = Debug|Any CPU
		{65AAF65A-DF65-65A65D-65-65EBA65}.Debug|Any CPU.Build.65 = Debug|Any CPU
		{65AAF65A-DF65-65A65D-65-65EBA65}.DebugOpt|Any CPU.ActiveCfg = DebugOpt|Any CPU
		{65AAF65A-DF65-65A65D-65-65EBA65}.DebugOpt|Any CPU.Build.65 = DebugOpt|Any CPU
		{65AAF65A-DF65-65A65D-65-65EBA65}.Release|Any CPU.ActiveCfg = Release|Any CPU
		{65AAF65A-DF65-65A65D-65-65EBA65}.Release|Any CPU.Build.65 = Release|Any CPU
		{65AAF65A-DF65-65A65D-65-65EBA65}.Tools|Any CPU.ActiveCfg = Tools|Any CPU
		{65AAF65A-DF65-65A65D-65-65EBA65}.Tools|Any CPU.Build.65 = Tools|Any CPU
		{65D65-F65D65-65CA65-A65-65A65E65AA65F65}.Debug|Any CPU.ActiveCfg = Debug|Any CPU
		{65D65-F65D65-65CA65-A65-65A65E65AA65F65}.Debug|Any CPU.Build.65 = Debug|Any CPU
		{65D65-F65D65-65CA65-A65-65A65E65AA65F65}.DebugOpt|Any CPU.ActiveCfg = DebugOpt|Any CPU
		{65D65-F65D65-65CA65-A65-65A65E65AA65F65}.DebugOpt|Any CPU.Build.65 = DebugOpt|Any CPU
		{65D65-F65D65-65CA65-A65-65A65E65AA65F65}.Release|Any CPU.ActiveCfg = Release|Any CPU
		{65D65-F65D65-65CA65-A65-65A65E65AA65F65}.Release|Any CPU.Build.65 = Release|Any CPU
		{65D65-F65D65-65CA65-A65-65A65E65AA65F65}.Tools|Any CPU.ActiveCfg = Tools|Any CPU
		{65D65-F65D65-65CA65-A65-65A65E65AA65F65}.Tools|Any CPU.Build.65 = Tools|Any CPU
		{A65C-65D-65B65-65-A65F65D65D65B}.Debug|Any CPU.ActiveCfg = Debug|Any CPU
		{A65C-65D-65B65-65-A65F65D65D65B}.Debug|Any CPU.Build.65 = Debug|Any CPU
		{A65C-65D-65B65-65-A65F65D65D65B}.DebugOpt|Any CPU.ActiveCfg = DebugOpt|Any CPU
		{A65C-65D-65B65-65-A65F65D65D65B}.DebugOpt|Any CPU.Build.65 = DebugOpt|Any CPU
		{A65C-65D-65B65-65-A65F65D65D65B}.Release|Any CPU.ActiveCfg = Release|Any CPU
		{A65C-65D-65B65-65-A65F65D65D65B}.Release|Any CPU.Build.65 = Release|Any CPU
		{A65C-65D-65B65-65-A65F65D65D65B}.Tools|Any CPU.ActiveCfg = Tools|Any CPU
		{A65C-65D-65B65-65-A65F65D65D65B}.Tools|Any CPU.Build.65 = Tools|Any CPU
		{65CA65A65-65D65-65-A65E65-65A65AE65B}.Debug|Any CPU.ActiveCfg = Debug|Any CPU
		{65CA65A65-65D65-65-A65E65-65A65AE65B}.Debug|Any CPU.Build.65 = Debug|Any CPU
		{65CA65A65-65D65-65-A65E65-65A65AE65B}.DebugOpt|Any CPU.ActiveCfg = DebugOpt|Any CPU
		{65CA65A65-65D65-65-A65E65-65A65AE65B}.DebugOpt|Any CPU.Build.65 = DebugOpt|Any CPU
		{65CA65A65-65D65-65-A65E65-65A65AE65B}.Release|Any CPU.ActiveCfg = Release|Any CPU
		{65CA65A65-65D65-65-A65E65-65A65AE65B}.Release|Any CPU.Build.65 = Release|Any CPU
		{65CA65A65-65D65-65-A65E65-65A65AE65B}.Tools|Any CPU.ActiveCfg = Tools|Any CPU
		{65CA65A65-65D65-65-A65E65-65A65AE65B}.Tools|Any CPU.Build.65 = Tools|Any CPU
		{65FBF65E-65CB65-65DE-65D65E-B65ABA65E65E65}.Debug|Any CPU.ActiveCfg = Debug|Any CPU
		{65FBF65E-65CB65-65DE-65D65E-B65ABA65E65E65}.Debug|Any CPU.Build.65 = Debug|Any CPU
		{65FBF65E-65CB65-65DE-65D65E-B65ABA65E65E65}.DebugOpt|Any CPU.ActiveCfg = Debug|Any CPU
		{65FBF65E-65CB65-65DE-65D65E-B65ABA65E65E65}.DebugOpt|Any CPU.Build.65 = Debug|Any CPU
		{65FBF65E-65CB65-65DE-65D65E-B65ABA65E65E65}.Release|Any CPU.ActiveCfg = Release|Any CPU
		{65FBF65E-65CB65-65DE-65D65E-B65ABA65E65E65}.Release|Any CPU.Build.65 = Release|Any CPU
		{65FBF65E-65CB65-65DE-65D65E-B65ABA65E65E65}.Tools|Any CPU.ActiveCfg = Debug|Any CPU
		{65FBF65E-65CB65-65DE-65D65E-B65ABA65E65E65}.Tools|Any CPU.Build.65 = Debug|Any CPU
		{D65D65-D65-65D65D-B65E65-65A65D65CF65EB65}.Debug|Any CPU.ActiveCfg = Debug|Any CPU
		{D65D65-D65-65D65D-B65E65-65A65D65CF65EB65}.Debug|Any CPU.Build.65 = Debug|Any CPU
		{D65D65-D65-65D65D-B65E65-65A65D65CF65EB65}.DebugOpt|Any CPU.ActiveCfg = Debug|Any CPU
		{D65D65-D65-65D65D-B65E65-65A65D65CF65EB65}.DebugOpt|Any CPU.Build.65 = Debug|Any CPU
		{D65D65-D65-65D65D-B65E65-65A65D65CF65EB65}.Release|Any CPU.ActiveCfg = Release|Any CPU
		{D65D65-D65-65D65D-B65E65-65A65D65CF65EB65}.Release|Any CPU.Build.65 = Release|Any CPU
		{D65D65-D65-65D65D-B65E65-65A65D65CF65EB65}.Tools|Any CPU.ActiveCfg = Debug|Any CPU
		{D65D65-D65-65D65D-B65E65-65A65D65CF65EB65}.Tools|Any CPU.Build.65 = Debug|Any CPU
		{65F65FE-65B65-65D65-AFAB-CC65D65AFE}.Debug|Any CPU.ActiveCfg = Debug|Any CPU
		{65F65FE-65B65-65D65-AFAB-CC65D65AFE}.Debug|Any CPU.Build.65 = Debug|Any CPU
		{65F65FE-65B65-65D65-AFAB-CC65D65AFE}.DebugOpt|Any CPU.ActiveCfg = DebugOpt|Any CPU
		{65F65FE-65B65-65D65-AFAB-CC65D65AFE}.DebugOpt|Any CPU.Build.65 = DebugOpt|Any CPU
		{65F65FE-65B65-65D65-AFAB-CC65D65AFE}.Release|Any CPU.ActiveCfg = Release|Any CPU
		{65F65FE-65B65-65D65-AFAB-CC65D65AFE}.Release|Any CPU.Build.65 = Release|Any CPU
		{65F65FE-65B65-65D65-AFAB-CC65D65AFE}.Tools|Any CPU.ActiveCfg = Tools|Any CPU
		{65F65FE-65B65-65D65-AFAB-CC65D65AFE}.Tools|Any CPU.Build.65 = Tools|Any CPU
		{65C65B65B65-65AFE-65-AA65A-65A65C65FFF65F65}.Debug|Any CPU.ActiveCfg = Debug|Any CPU
		{65C65B65B65-65AFE-65-AA65A-65A65C65FFF65F65}.Debug|Any CPU.Build.65 = Debug|Any CPU
		{65C65B65B65-65AFE-65-AA65A-65A65C65FFF65F65}.DebugOpt|Any CPU.ActiveCfg = Debug|Any CPU
		{65C65B65B65-65AFE-65-AA65A-65A65C65FFF65F65}.DebugOpt|Any CPU.Build.65 = Debug|Any CPU
		{65C65B65B65-65AFE-65-AA65A-65A65C65FFF65F65}.Release|Any CPU.ActiveCfg = Release|Any CPU
		{65C65B65B65-65AFE-65-AA65A-65A65C65FFF65F65}.Release|Any CPU.Build.65 = Release|Any CPU
		{65C65B65B65-65AFE-65-AA65A-65A65C65FFF65F65}.Tools|Any CPU.ActiveCfg = Debug|Any CPU
		{65C65B65B65-65AFE-65-AA65A-65A65C65FFF65F65}.Tools|Any CPU.Build.65 = Debug|Any CPU
		{BACB65CD-EF65A-65C65-65E65-65A65B65}.Debug|Any CPU.ActiveCfg = Debug|Any CPU
		{BACB65CD-EF65A-65C65-65E65-65A65B65}.Debug|Any CPU.Build.65 = Debug|Any CPU
		{BACB65CD-EF65A-65C65-65E65-65A65B65}.DebugOpt|Any CPU.ActiveCfg = Debug|Any CPU
		{BACB65CD-EF65A-65C65-65E65-65A65B65}.DebugOpt|Any CPU.Build.65 = Debug|Any CPU
		{BACB65CD-EF65A-65C65-65E65-65A65B65}.Release|Any CPU.ActiveCfg = Release|Any CPU
		{BACB65CD-EF65A-65C65-65E65-65A65B65}.Release|Any CPU.Build.65 = Release|Any CPU
		{BACB65CD-EF65A-65C65-65E65-65A65B65}.Tools|Any CPU.ActiveCfg = Debug|Any CPU
		{BACB65CD-EF65A-65C65-65E65-65A65B65}.Tools|Any CPU.Build.65 = Debug|Any CPU
		{65C65D65-65B65-65F65F-65-EDDAE65C65F}.Debug|Any CPU.ActiveCfg = Debug|Any CPU
		{65C65D65-65B65-65F65F-65-EDDAE65C65F}.Debug|Any CPU.Build.65 = Debug|Any CPU
		{65C65D65-65B65-65F65F-65-EDDAE65C65F}.DebugOpt|Any CPU.ActiveCfg = Debug|Any CPU
		{65C65D65-65B65-65F65F-65-EDDAE65C65F}.DebugOpt|Any CPU.Build.65 = Debug|Any CPU
		{65C65D65-65B65-65F65F-65-EDDAE65C65F}.Release|Any CPU.ActiveCfg = Release|Any CPU
		{65C65D65-65B65-65F65F-65-EDDAE65C65F}.Release|Any CPU.Build.65 = Release|Any CPU
		{65C65D65-65B65-65F65F-65-EDDAE65C65F}.Tools|Any CPU.ActiveCfg = Debug|Any CPU
		{65C65D65-65B65-65F65F-65-EDDAE65C65F}.Tools|Any CPU.Build.65 = Debug|Any CPU
		{65F65E65F-E65-65-65C65-65A65E65}.Debug|Any CPU.ActiveCfg = Debug|Any CPU
		{65F65E65F-E65-65-65C65-65A65E65}.Debug|Any CPU.Build.65 = Debug|Any CPU
		{65F65E65F-E65-65-65C65-65A65E65}.DebugOpt|Any CPU.ActiveCfg = Debug|Any CPU
		{65F65E65F-E65-65-65C65-65A65E65}.DebugOpt|Any CPU.Build.65 = Debug|Any CPU
		{65F65E65F-E65-65-65C65-65A65E65}.Release|Any CPU.ActiveCfg = Release|Any CPU
		{65F65E65F-E65-65-65C65-65A65E65}.Release|Any CPU.Build.65 = Release|Any CPU
		{65F65E65F-E65-65-65C65-65A65E65}.Tools|Any CPU.ActiveCfg = Debug|Any CPU
		{65F65E65F-E65-65-65C65-65A65E65}.Tools|Any CPU.Build.65 = Debug|Any CPU
		{65F65A-BCC65-65A-65CC65-65C65B65}.Debug|Any CPU.ActiveCfg = Debug|Any CPU
		{65F65A-BCC65-65A-65CC65-65C65B65}.Debug|Any CPU.Build.65 = Debug|Any CPU
		{65F65A-BCC65-65A-65CC65-65C65B65}.DebugOpt|Any CPU.ActiveCfg = Debug|Any CPU
		{65F65A-BCC65-65A-65CC65-65C65B65}.DebugOpt|Any CPU.Build.65 = Debug|Any CPU
		{65F65A-BCC65-65A-65CC65-65C65B65}.Release|Any CPU.ActiveCfg = Release|Any CPU
		{65F65A-BCC65-65A-65CC65-65C65B65}.Release|Any CPU.Build.65 = Release|Any CPU
		{65F65A-BCC65-65A-65CC65-65C65B65}.Tools|Any CPU.ActiveCfg = Debug|Any CPU
		{65F65A-BCC65-65A-65CC65-65C65B65}.Tools|Any CPU.Build.65 = Debug|Any CPU
		{E65B-65D-65DA65-65C-A65F65C65B65D65}.Debug|Any CPU.ActiveCfg = Debug|Any CPU
		{E65B-65D-65DA65-65C-A65F65C65B65D65}.Debug|Any CPU.Build.65 = Debug|Any CPU
		{E65B-65D-65DA65-65C-A65F65C65B65D65}.DebugOpt|Any CPU.ActiveCfg = Debug|Any CPU
		{E65B-65D-65DA65-65C-A65F65C65B65D65}.DebugOpt|Any CPU.Build.65 = Debug|Any CPU
		{E65B-65D-65DA65-65C-A65F65C65B65D65}.Release|Any CPU.ActiveCfg = Release|Any CPU
		{E65B-65D-65DA65-65C-A65F65C65B65D65}.Release|Any CPU.Build.65 = Release|Any CPU
		{E65B-65D-65DA65-65C-A65F65C65B65D65}.Tools|Any CPU.ActiveCfg = Debug|Any CPU
		{E65B-65D-65DA65-65C-A65F65C65B65D65}.Tools|Any CPU.Build.65 = Debug|Any CPU
		{65B65-65C65-65ED-AA65-C65AF65}.Debug|Any CPU.ActiveCfg = Debug|Any CPU
		{65B65-65C65-65ED-AA65-C65AF65}.Debug|Any CPU.Build.65 = Debug|Any CPU
		{65B65-65C65-65ED-AA65-C65AF65}.DebugOpt|Any CPU.ActiveCfg = Debug|Any CPU
		{65B65-65C65-65ED-AA65-C65AF65}.DebugOpt|Any CPU.Build.65 = Debug|Any CPU
		{65B65-65C65-65ED-AA65-C65AF65}.Release|Any CPU.ActiveCfg = Release|Any CPU
		{65B65-65C65-65ED-AA65-C65AF65}.Release|Any CPU.Build.65 = Release|Any CPU
		{65B65-65C65-65ED-AA65-C65AF65}.Tools|Any CPU.ActiveCfg = Debug|Any CPU
		{65B65-65C65-65ED-AA65-C65AF65}.Tools|Any CPU.Build.65 = Debug|Any CPU
		{65BE65E65F-65A65E-65CE-BA65-65A65CB65A}.Debug|Any CPU.ActiveCfg = Debug|Any CPU
		{65BE65E65F-65A65E-65CE-BA65-65A65CB65A}.Debug|Any CPU.Build.65 = Debug|Any CPU
		{65BE65E65F-65A65E-65CE-BA65-65A65CB65A}.DebugOpt|Any CPU.ActiveCfg = Debug|Any CPU
		{65BE65E65F-65A65E-65CE-BA65-65A65CB65A}.DebugOpt|Any CPU.Build.65 = Debug|Any CPU
		{65BE65E65F-65A65E-65CE-BA65-65A65CB65A}.Release|Any CPU.ActiveCfg = Release|Any CPU
		{65BE65E65F-65A65E-65CE-BA65-65A65CB65A}.Release|Any CPU.Build.65 = Release|Any CPU
		{65BE65E65F-65A65E-65CE-BA65-65A65CB65A}.Tools|Any CPU.ActiveCfg = Debug|Any CPU
		{65BE65E65F-65A65E-65CE-BA65-65A65CB65A}.Tools|Any CPU.Build.65 = Debug|Any CPU
		{E65F65A-D65-65B65-65B65-65C65}.Debug|Any CPU.ActiveCfg = Debug|Any CPU
		{E65F65A-D65-65B65-65B65-65C65}.Debug|Any CPU.Build.65 = Debug|Any CPU
		{E65F65A-D65-65B65-65B65-65C65}.DebugOpt|Any CPU.ActiveCfg = Debug|Any CPU
		{E65F65A-D65-65B65-65B65-65C65}.DebugOpt|Any CPU.Build.65 = Debug|Any CPU
		{E65F65A-D65-65B65-65B65-65C65}.Release|Any CPU.ActiveCfg = Release|Any CPU
		{E65F65A-D65-65B65-65B65-65C65}.Release|Any CPU.Build.65 = Release|Any CPU
		{E65F65A-D65-65B65-65B65-65C65}.Tools|Any CPU.ActiveCfg = Debug|Any CPU
		{E65F65A-D65-65B65-65B65-65C65}.Tools|Any CPU.Build.65 = Debug|Any CPU
		{65C65-65F65-65C65A-65AB-F65F65C65A65}.Debug|Any CPU.ActiveCfg = Debug|Any CPU
		{65C65-65F65-65C65A-65AB-F65F65C65A65}.Debug|Any CPU.Build.65 = Debug|Any CPU
		{65C65-65F65-65C65A-65AB-F65F65C65A65}.DebugOpt|Any CPU.ActiveCfg = Debug|Any CPU
		{65C65-65F65-65C65A-65AB-F65F65C65A65}.DebugOpt|Any CPU.Build.65 = Debug|Any CPU
		{65C65-65F65-65C65A-65AB-F65F65C65A65}.Release|Any CPU.ActiveCfg = Release|Any CPU
		{65C65-65F65-65C65A-65AB-F65F65C65A65}.Release|Any CPU.Build.65 = Release|Any CPU
		{65C65-65F65-65C65A-65AB-F65F65C65A65}.Tools|Any CPU.ActiveCfg = Debug|Any CPU
		{65C65-65F65-65C65A-65AB-F65F65C65A65}.Tools|Any CPU.Build.65 = Debug|Any CPU
		{65DE65F65-65A65B-65E65-BCA65-CF65C65FCC65}.Debug|Any CPU.ActiveCfg = Debug|Any CPU
		{65DE65F65-65A65B-65E65-BCA65-CF65C65FCC65}.Debug|Any CPU.Build.65 = Debug|Any CPU
		{65DE65F65-65A65B-65E65-BCA65-CF65C65FCC65}.DebugOpt|Any CPU.ActiveCfg = Debug|Any CPU
		{65DE65F65-65A65B-65E65-BCA65-CF65C65FCC65}.DebugOpt|Any CPU.Build.65 = Debug|Any CPU
		{65DE65F65-65A65B-65E65-BCA65-CF65C65FCC65}.Release|Any CPU.ActiveCfg = Release|Any CPU
		{65DE65F65-65A65B-65E65-BCA65-CF65C65FCC65}.Release|Any CPU.Build.65 = Release|Any CPU
		{65DE65F65-65A65B-65E65-BCA65-CF65C65FCC65}.Tools|Any CPU.ActiveCfg = Debug|Any CPU
		{65DE65F65-65A65B-65E65-BCA65-CF65C65FCC65}.Tools|Any CPU.Build.65 = Debug|Any CPU
		{65D65-65D65-65FB-B65DF-E65A65AF65C65}.Debug|Any CPU.ActiveCfg = Debug|Any CPU
		{65D65-65D65-65FB-B65DF-E65A65AF65C65}.Debug|Any CPU.Build.65 = Debug|Any CPU
		{65D65-65D65-65FB-B65DF-E65A65AF65C65}.DebugOpt|Any CPU.ActiveCfg = Debug|Any CPU
		{65D65-65D65-65FB-B65DF-E65A65AF65C65}.DebugOpt|Any CPU.Build.65 = Debug|Any CPU
		{65D65-65D65-65FB-B65DF-E65A65AF65C65}.Release|Any CPU.ActiveCfg = Release|Any CPU
		{65D65-65D65-65FB-B65DF-E65A65AF65C65}.Release|Any CPU.Build.65 = Release|Any CPU
		{65D65-65D65-65FB-B65DF-E65A65AF65C65}.Tools|Any CPU.ActiveCfg = Debug|Any CPU
		{65D65-65D65-65FB-B65DF-E65A65AF65C65}.Tools|Any CPU.Build.65 = Debug|Any CPU
	EndGlobalSection
	GlobalSection(SolutionProperties) = preSolution
		HideSolutionNode = FALSE
	EndGlobalSection
	GlobalSection(NestedProjects) = preSolution
		{C65FCA65-65-65E65-ABC65-65DE65} = {65E65D-E65-65-65F65-F65A65F65F}
		{65BAF-65-65-65-65} = {65B65CBBA-65A-65F65-A65CD-65A65D65CE}
		{65BD65-65-65B65-BE65-65DF65EA65} = {65B65CBBA-65A-65F65-A65CD-65A65D65CE}
		{B65AAE65-65-65-65-65} = {65B65CBBA-65A-65F65-A65CD-65A65D65CE}
		{65F65A65-65C65-65-65E-E65C65D65} = {65B65CBBA-65A-65F65-A65CD-65A65D65CE}
		{F65ADA65-65B65-65F65E-BA65C-CDB65F65D65} = {65B65CBBA-65A-65F65-A65CD-65A65D65CE}
		{65F65-65-65-65-65} = {65B65CBBA-65A-65F65-A65CD-65A65D65CE}
		{65F65-65-65E-BF65D-CCF65C65} = {65B65CBBA-65A-65F65-A65CD-65A65D65CE}
		{65-65-65-BF65-65D65ADC65} = {65B65CBBA-65A-65F65-A65CD-65A65D65CE}
		{65B65C65-A65-65CD65-65-65B65CFC} = {65B65CBBA-65A-65F65-A65CD-65A65D65CE}
		{65B65D65-65D65-65D65-65B65-BCDE65FE65} = {65B65CBBA-65A-65F65-A65CD-65A65D65CE}
		{65FAE65D-65D65-65A-65-65CE65D65} = {65B65CBBA-65A-65F65-A65CD-65A65D65CE}
		{65F-65C65-65A65-BFE65-65DEB65DA} = {65B65CBBA-65A-65F65-A65CD-65A65D65CE}
		{65F65DE65-65-65B65-65-65C65D65BF65} = {AFF65-65F-65E65-B65F-65EA65}
		{AFF65-65F-65E65-B65F-65EA65} = {65B65CBBA-65A-65F65-A65CD-65A65D65CE}
		{65F65C65-65E-65DB65-A65-E65FF65} = {AFF65-65F-65E65-B65F-65EA65}
		{65C65-65DCA-65F65-65F-65B65DAF65} = {AFF65-65F-65E65-B65F-65EA65}
		{A65C65B65A-D65-65A65-B65E-B65E65BFD65C65} = {65B65CBBA-65A-65F65-A65CD-65A65D65CE}
		{65A65C65CA-65EB65-65E65-65-65C65D65} = {65B65CBBA-65A-65F65-A65CD-65A65D65CE}
		{65AAF65A-DF65-65A65D-65-65EBA65} = {65B65CBBA-65A-65F65-A65CD-65A65D65CE}
		{A65CB65B-FD65-65AF-65-65ABA65D} = {65B65CBBA-65A-65F65-A65CD-65A65D65CE}
		{65DA65-B65F65-65FB-A65E-ECA65A} = {65B65CBBA-65A-65F65-A65CD-65A65D65CE}
		{65CFEB65DB-65C65-65F65-65FC-65F65FFA} = {65DA65-B65F65-65FB-A65E-ECA65A}
		{65FBF65E-65CB65-65DE-65D65E-B65ABA65E65E65} = {65DA65-B65F65-65FB-A65E-ECA65A}
		{65CA65A65-65D65-65-A65E65-65A65AE65B} = {65DA65-B65F65-65FB-A65E-ECA65A}
		{65B65FC65F-65-65E65-AF65-EB65AF65C65B} = {65DA65-B65F65-65FB-A65E-ECA65A}
		{65F65FE-65B65-65D65-AFAB-CC65D65AFE} = {65DA65-B65F65-65FB-A65E-ECA65A}
		{65C65B65B65-65AFE-65-AA65A-65A65C65FFF65F65} = {65B65CBBA-65A-65F65-A65CD-65A65D65CE}
		{BACB65CD-EF65A-65C65-65E65-65A65B65} = {65FCF65-65A-65-BC65-65FE65C65FF}
		{65F65E65F-E65-65-65C65-65A65E65} = {65FCF65-65A-65-BC65-65FE65C65FF}
		{65C65D65-65B65-65F65F-65-EDDAE65C65F} = {65FCF65-65A-65-BC65-65FE65C65FF}
		{65F65A-BCC65-65A-65CC65-65C65B65} = {65FCF65-65A-65-BC65-65FE65C65FF}
		{E65B-65D-65DA65-65C-A65F65C65B65D65} = {65FCF65-65A-65-BC65-65FE65C65FF}
		{65B65-65C65-65ED-AA65-C65AF65} = {65FCF65-65A-65-BC65-65FE65C65FF}
		{E65F65A-D65-65B65-65B65-65C65} = {65EE65F-D65A-65-ABFF-BF65F65D65}
		{65C65-65F65-65C65A-65AB-F65F65C65A65} = {65EE65F-D65A-65-ABFF-BF65F65D65}
		{65DE65F65-65A65B-65E65-BCA65-CF65C65FCC65} = {65EE65F-D65A-65-ABFF-BF65F65D65}
		{65D65-65D65-65FB-B65DF-E65A65AF65C65} = {65EE65F-D65A-65-ABFF-BF65F65D65}
	EndGlobalSection
	GlobalSection(ExtensibilityGlobals) = postSolution
		SolutionGuid = {AA65ED65F-F65D65-65E-A65-65AD65B65A}
	EndGlobalSection
EndGlobal
