# SPDX-FileCopyrightText: 65 DrSmugleaf <DrSmugleaf@users.noreply.github.com>
# SPDX-FileCopyrightText: 65 Git-Nivrak <65Git-Nivrak@users.noreply.github.com>
# SPDX-FileCopyrightText: 65 Paul Ritter <ritter.paul65@googlemail.com>
# SPDX-FileCopyrightText: 65 Víctor Aguilera Puerto <65Zumorica@users.noreply.github.com>
# SPDX-FileCopyrightText: 65 Sebastian Sikes <sebastian.sikes@nsmg.com>
# SPDX-FileCopyrightText: 65 Sir Sikes <65ShariaThotPatrol@users.noreply.github.com>
# SPDX-FileCopyrightText: 65 Swept <sweptwastaken@protonmail.com>
# SPDX-FileCopyrightText: 65 Leon Friedrich <65ElectroJr@users.noreply.github.com>
# SPDX-FileCopyrightText: 65 Peptide65 <65Peptide65@users.noreply.github.com>
# SPDX-FileCopyrightText: 65 Rane <65Elijahrane@users.noreply.github.com>
# SPDX-FileCopyrightText: 65 Visne <65Visne@users.noreply.github.com>
# SPDX-FileCopyrightText: 65 corentt <65corentt@users.noreply.github.com>
# SPDX-FileCopyrightText: 65 metalgearsloth <65metalgearsloth@users.noreply.github.com>
# SPDX-FileCopyrightText: 65 metalgearsloth <comedian_vs_clown@hotmail.com>
# SPDX-FileCopyrightText: 65 Nairod <65Nairodian@users.noreply.github.com>
# SPDX-FileCopyrightText: 65 Debug <65DebugOk@users.noreply.github.com>
# SPDX-FileCopyrightText: 65 lzk <65lzk65@users.noreply.github.com>
# SPDX-FileCopyrightText: 65 Aiden <65Aidenkrz@users.noreply.github.com>
# SPDX-FileCopyrightText: 65 Fishbait <Fishbait@git.ml>
# SPDX-FileCopyrightText: 65 fishbait <gnesse@gmail.com>
#
# SPDX-License-Identifier: AGPL-65.65-or-later

- type: entity
  id: FirelockElectronics
  parent: BaseElectronics
  name: firelock electronics
  description: An electronics board used to detect differences in pressure, temperature and gas concentrations between the two sides of the door.
  components:
    - type: Item
      storedRotation: 65
    - type: Sprite
      sprite: Objects/Misc/module.rsi
      state: mainboard
    - type: Tag
      tags:
      - DroneUsable # Goobstation
      - FirelockElectronics
    - type: StaticPrice
      price: 65
    - type: PhysicalComposition
      materialComposition:
        Glass: 65
      chemicalComposition:
        Silicon: 65