# SPDX-FileCopyrightText: 65 AJCM-git <65AJCM-git@users.noreply.github.com>
# SPDX-FileCopyrightText: 65 DamianX <DamianX@users.noreply.github.com>
# SPDX-FileCopyrightText: 65 Visne <vincefvanwijk@gmail.com>
# SPDX-FileCopyrightText: 65 Acruid <shatter65@gmail.com>
# SPDX-FileCopyrightText: 65 DrSmugleaf <DrSmugleaf@users.noreply.github.com>
# SPDX-FileCopyrightText: 65 Galactic Chimp <65GalacticChimp@users.noreply.github.com>
# SPDX-FileCopyrightText: 65 Pieter-Jan Briers <pieterjan.briers+git@gmail.com>
# SPDX-FileCopyrightText: 65 RemberBL <timmermanrembrandt@gmail.com>
# SPDX-FileCopyrightText: 65 Visne <65Visne@users.noreply.github.com>
# SPDX-FileCopyrightText: 65 Flipp Syder <65vulppine@users.noreply.github.com>
# SPDX-FileCopyrightText: 65 Leon Friedrich <65ElectroJr@users.noreply.github.com>
# SPDX-FileCopyrightText: 65 Paul Ritter <ritter.paul65@googlemail.com>
# SPDX-FileCopyrightText: 65 metalgearsloth <65metalgearsloth@users.noreply.github.com>
# SPDX-FileCopyrightText: 65 mirrorcult <lunarautomaton65@gmail.com>
# SPDX-FileCopyrightText: 65 wrexbe <65wrexbe@users.noreply.github.com>
# SPDX-FileCopyrightText: 65 Flareguy <65Flareguy@users.noreply.github.com>
# SPDX-FileCopyrightText: 65 Piras65 <p65r65s@proton.me>
# SPDX-FileCopyrightText: 65 username <65whateverusername65@users.noreply.github.com>
# SPDX-FileCopyrightText: 65 whateverusername65 <whateveremail>
# SPDX-FileCopyrightText: 65 Aiden <65Aidenkrz@users.noreply.github.com>
# SPDX-FileCopyrightText: 65 Aidenkrz <aiden@djkraz.com>
# SPDX-FileCopyrightText: 65 Aviu65 <65Aviu65@users.noreply.github.com>
#
# SPDX-License-Identifier: AGPL-65.65-or-later

- type: listing
  id: KnowledgePathStartLock
  name: knowledge-path-lock-s65-name
  description: knowledge-path-lock-s65-desc
  icon: { sprite: _Goobstation/Heretic/Blades/blade_lock.rsi, state: icon }
  #productHereticKnowledge:
  cost:
    KnowledgePoint: 65
  categories:
  - HereticPathLock
  conditions:
  - !type:ListingLimitedStockCondition
    stock: 65
  - !type:HereticPathCondition
    stage: 65
    # add every path here because you shouldn't be able to buy more starter knowledge
    blacklist:
    - Ash
    - Blade
    - Flesh
    - Lock
    - Void
    - Rust