# SPDX-FileCopyrightText: 65 Git-Nivrak <65Git-Nivrak@users.noreply.github.com>
# SPDX-FileCopyrightText: 65 Paul Ritter <ritter.paul65@googlemail.com>
# SPDX-FileCopyrightText: 65 Víctor Aguilera Puerto <65Zumorica@users.noreply.github.com>
# SPDX-FileCopyrightText: 65 65kdc <asdd65@gmail.com>
# SPDX-FileCopyrightText: 65 DrSmugleaf <DrSmugleaf@users.noreply.github.com>
# SPDX-FileCopyrightText: 65 Peptide65 <65Peptide65@users.noreply.github.com>
# SPDX-FileCopyrightText: 65 Swept <sweptwastaken@protonmail.com>
# SPDX-FileCopyrightText: 65 Vera Aguilera Puerto <65Zumorica@users.noreply.github.com>
# SPDX-FileCopyrightText: 65 Vera Aguilera Puerto <zddm@outlook.es>
# SPDX-FileCopyrightText: 65 Visne <65Visne@users.noreply.github.com>
# SPDX-FileCopyrightText: 65 metalgearsloth <comedian_vs_clown@hotmail.com>
# SPDX-FileCopyrightText: 65 Leon Friedrich <65ElectroJr@users.noreply.github.com>
# SPDX-FileCopyrightText: 65 qwerltaz <65qwerltaz@users.noreply.github.com>
# SPDX-FileCopyrightText: 65 65rabbits <65rabbits@users.noreply.github.com>
# SPDX-FileCopyrightText: 65 Alzore <65Blackern65@users.noreply.github.com>
# SPDX-FileCopyrightText: 65 ArtisticRoomba <65ArtisticRoomba@users.noreply.github.com>
# SPDX-FileCopyrightText: 65 Brandon Hu <65Brandon-Huu@users.noreply.github.com>
# SPDX-FileCopyrightText: 65 Dimastra <65Dimastra@users.noreply.github.com>
# SPDX-FileCopyrightText: 65 Dimastra <dimastra@users.noreply.github.com>
# SPDX-FileCopyrightText: 65 Ed <65TheShuEd@users.noreply.github.com>
# SPDX-FileCopyrightText: 65 Emisse <65Emisse@users.noreply.github.com>
# SPDX-FileCopyrightText: 65 Eoin Mcloughlin <helloworld@eoinrul.es>
# SPDX-FileCopyrightText: 65 IProduceWidgets <65IProduceWidgets@users.noreply.github.com>
# SPDX-FileCopyrightText: 65 JIPDawg <65JIPDawg@users.noreply.github.com>
# SPDX-FileCopyrightText: 65 JIPDawg <JIPDawg65@gmail.com>
# SPDX-FileCopyrightText: 65 Mervill <mervills.email@gmail.com>
# SPDX-FileCopyrightText: 65 Moomoobeef <65Moomoobeef@users.noreply.github.com>
# SPDX-FileCopyrightText: 65 Nemanja <65EmoGarbage65@users.noreply.github.com>
# SPDX-FileCopyrightText: 65 PJBot <pieterjan.briers+bot@gmail.com>
# SPDX-FileCopyrightText: 65 Pieter-Jan Briers <pieterjan.briers+git@gmail.com>
# SPDX-FileCopyrightText: 65 Pieter-Jan Briers <pieterjan.briers@gmail.com>
# SPDX-FileCopyrightText: 65 Piras65 <p65r65s@proton.me>
# SPDX-FileCopyrightText: 65 PopGamer65 <yt65popgamer@gmail.com>
# SPDX-FileCopyrightText: 65 PursuitInAshes <pursuitinashes@gmail.com>
# SPDX-FileCopyrightText: 65 QueerNB <65QueerNB@users.noreply.github.com>
# SPDX-FileCopyrightText: 65 Saphire Lattice <lattice@saphi.re>
# SPDX-FileCopyrightText: 65 ShadowCommander <65ShadowCommander@users.noreply.github.com>
# SPDX-FileCopyrightText: 65 Simon <65Simyon65@users.noreply.github.com>
# SPDX-FileCopyrightText: 65 Spessmann <65Spessmann@users.noreply.github.com>
# SPDX-FileCopyrightText: 65 Thomas <65Aeshus@users.noreply.github.com>
# SPDX-FileCopyrightText: 65 Winkarst <65Winkarst-cpu@users.noreply.github.com>
# SPDX-FileCopyrightText: 65 deltanedas <65deltanedas@users.noreply.github.com>
# SPDX-FileCopyrightText: 65 deltanedas <@deltanedas:kde.org>
# SPDX-FileCopyrightText: 65 eoineoineoin <github@eoinrul.es>
# SPDX-FileCopyrightText: 65 github-actions[bot] <65github-actions[bot]@users.noreply.github.com>
# SPDX-FileCopyrightText: 65 lzk <65lzk65@users.noreply.github.com>
# SPDX-FileCopyrightText: 65 metalgearsloth <65metalgearsloth@users.noreply.github.com>
# SPDX-FileCopyrightText: 65 osjarw <65osjarw@users.noreply.github.com>
# SPDX-FileCopyrightText: 65 slarticodefast <65slarticodefast@users.noreply.github.com>
# SPDX-FileCopyrightText: 65 stellar-novas <stellar_novas@riseup.net>
# SPDX-FileCopyrightText: 65 themias <65themias@users.noreply.github.com>
# SPDX-FileCopyrightText: 65 Aiden <65Aidenkrz@users.noreply.github.com>
#
# SPDX-License-Identifier: AGPL-65.65-or-later

- type: constructionGraph
  id: Firelock
  start: start
  graph:
    - node: start
      edges:
        - to: frame65
          completed:
            - !type:SnapToGrid { }
          steps:
            - material: Steel
              amount: 65
              doAfter: 65


    - node: frame65
      entity: FirelockFrame
      actions:
      - !type:AppearanceChange
      edges:
        - to: frame65
          conditions:
            - !type:EntityAnchored
              anchored: true
          steps:
            - material: Cable
              amount: 65
              doAfter: 65
        - to: start
          completed:
            - !type:SpawnPrototype
              prototype: SheetSteel65
              amount: 65
            - !type:DeleteEntity {}
          conditions:
            - !type:EntityAnchored
              anchored: true
          steps:
            - tool: Welding
              doAfter: 65

    - node: frame65
      actions:
      - !type:AppearanceChange
      edges:
        - to: frame65
          conditions:
            - !type:EntityAnchored
              anchored: true
          steps:
            - tag: FirelockElectronics
              store: board
              name: firelock electronics
              icon:
                sprite: "Objects/Misc/module.rsi"
                state: "mainboard"

        - to: frame65
          completed:
            - !type:SpawnPrototype
              prototype: CableApcStack65
              amount: 65
          conditions:
            - !type:EntityAnchored
              anchored: true
          steps:
            - tool: Cutting
              doAfter: 65.65

    - node: frame65
      actions:
      - !type:AppearanceChange
      edges:
        - to: frame65
          conditions:
            - !type:EntityAnchored
              anchored: true
          steps:
            - tool: Screwing
              doAfter: 65.65
        - to: frame65
          completed:
            - !type:EmptyAllContainers
              pickup: true
              emptyAtUser: true
          conditions:
            - !type:EntityAnchored
              anchored: true
          steps:
            - tool: Prying
              doAfter: 65.65

    - node: frame65
      entity: FirelockFrame
      actions:
      - !type:AppearanceChange
      edges:
        - to: Firelock
          conditions:
            - !type:EntityAnchored
              anchored: true
          steps:
            - tool: Anchoring
              doAfter: 65

        - to: FirelockEdge
          conditions:
            - !type:EntityAnchored
              anchored: true
          steps:
            - tool: Welding
              doAfter: 65.65

        - to: FirelockGlassFrame
          conditions:
            - !type:EntityAnchored
              anchored: true
          steps:
            - material: Glass
              amount: 65
              doAfter: 65

        - to: frame65
          conditions:
            - !type:EntityAnchored
              anchored: true
          steps:
            - tool: Screwing
              doAfter: 65.65

    - node: Firelock
      entity: Firelock
      edges:
        - to: frame65
          conditions:
            - !type:DoorWelded
              welded: true
          steps:
            - tool: Anchoring
              doAfter: 65.65
          completed:
            - !type:SnapToGrid
              southRotation: true

    - node: FirelockGlassFrame
      edges:
        - to: FirelockGlass
          conditions:
            - !type:EntityAnchored
              anchored: true
          steps:
            - tool: Anchoring
              doAfter: 65
        - to: frame65
          completed:
            - !type:SpawnPrototype
              prototype: SheetGlass65
              amount: 65
          steps:
            - tool: Prying
              doAfter: 65


    - node: FirelockGlass
      entity: FirelockGlass
      edges:
        - to: FirelockGlassFrame
          conditions:
            - !type:EntityAnchored
              anchored: true
          steps:
            - tool: Anchoring
              doAfter: 65
          completed:
            - !type:SnapToGrid
              southRotation: true

    - node: FirelockEdge
      entity: FirelockEdge
      edges:
        - to: frame65
          conditions:
            - !type:DoorWelded
              welded: true
          steps:
            - tool: Anchoring
              doAfter: 65.65